// !$*UTF8*$!
{
	archiveVersion = 1;
	classes = {
	};
	objectVersion = 50;
	objects = {

/* Begin PBXBuildFile section */
		3266948825646DE300E59F3D /* AppDelegate.swift in Sources */ = {isa = PBXBuildFile; fileRef = 3266948725646DE300E59F3D /* AppDelegate.swift */; };
		3266948A25646DE300E59F3D /* SceneDelegate.swift in Sources */ = {isa = PBXBuildFile; fileRef = 3266948925646DE300E59F3D /* SceneDelegate.swift */; };
		3266948C25646DE300E59F3D /* ViewController.swift in Sources */ = {isa = PBXBuildFile; fileRef = 3266948B25646DE300E59F3D /* ViewController.swift */; };
		3266948F25646DE300E59F3D /* Main.storyboard in Resources */ = {isa = PBXBuildFile; fileRef = 3266948D25646DE300E59F3D /* Main.storyboard */; };
		3266949125646DE900E59F3D /* Assets.xcassets in Resources */ = {isa = PBXBuildFile; fileRef = 3266949025646DE900E59F3D /* Assets.xcassets */; };
		3266949425646DE900E59F3D /* LaunchScreen.storyboard in Resources */ = {isa = PBXBuildFile; fileRef = 3266949225646DE900E59F3D /* LaunchScreen.storyboard */; };
		327D6AD22565B3AC001595DE /* Card Details VC.swift in Sources */ = {isa = PBXBuildFile; fileRef = 327D6AD12565B3AC001595DE /* Card Details VC.swift */; };
/* End PBXBuildFile section */

/* Begin PBXFileReference section */
		3266948425646DE300E59F3D /* TarotCards.app */ = {isa = PBXFileReference; explicitFileType = wrapper.application; includeInIndex = 0; path = TarotCards.app; sourceTree = BUILT_PRODUCTS_DIR; };
		3266948725646DE300E59F3D /* AppDelegate.swift */ = {isa = PBXFileReference; lastKnownFileType = sourcecode.swift; path = AppDelegate.swift; sourceTree = "<group>"; };
		3266948925646DE300E59F3D /* SceneDelegate.swift */ = {isa = PBXFileReference; lastKnownFileType = sourcecode.swift; path = SceneDelegate.swift; sourceTree = "<group>"; };
		3266948B25646DE300E59F3D /* ViewController.swift */ = {isa = PBXFileReference; lastKnownFileType = sourcecode.swift; path = ViewController.swift; sourceTree = "<group>"; };
		3266948E25646DE300E59F3D /* Base */ = {isa = PBXFileReference; lastKnownFileType = file.storyboard; name = Base; path = Base.lproj/Main.storyboard; sourceTree = "<group>"; };
		3266949025646DE900E59F3D /* Assets.xcassets */ = {isa = PBXFileReference; lastKnownFileType = folder.assetcatalog; path = Assets.xcassets; sourceTree = "<group>"; };
		3266949325646DE900E59F3D /* Base */ = {isa = PBXFileReference; lastKnownFileType = file.storyboard; name = Base; path = Base.lproj/LaunchScreen.storyboard; sourceTree = "<group>"; };
		3266949525646DE900E59F3D /* Info.plist */ = {isa = PBXFileReference; lastKnownFileType = text.plist.xml; path = Info.plist; sourceTree = "<group>"; };
		327D6AD12565B3AC001595DE /* Card Details VC.swift */ = {isa = PBXFileReference; lastKnownFileType = sourcecode.swift; path = "Card Details VC.swift"; sourceTree = "<group>"; };
/* End PBXFileReference section */

/* Begin PBXFrameworksBuildPhase section */
		3266948125646DE300E59F3D /* Frameworks */ = {
			isa = PBXFrameworksBuildPhase;
			buildActionMask = 2147483647;
			files = (
			);
			runOnlyForDeploymentPostprocessing = 0;
		};
/* End PBXFrameworksBuildPhase section */

/* Begin PBXGroup section */
		3266947B25646DE300E59F3D = {
			isa = PBXGroup;
			children = (
				3266948625646DE300E59F3D /* TarotCards */,
				3266948525646DE300E59F3D /* Products */,
			);
			sourceTree = "<group>";
		};
		3266948525646DE300E59F3D /* Products */ = {
			isa = PBXGroup;
			children = (
				3266948425646DE300E59F3D /* TarotCards.app */,
			);
			name = Products;
			sourceTree = "<group>";
		};
		3266948625646DE300E59F3D /* TarotCards */ = {
			isa = PBXGroup;
			children = (
				3266948725646DE300E59F3D /* AppDelegate.swift */,
				3266948925646DE300E59F3D /* SceneDelegate.swift */,
				3266948B25646DE300E59F3D /* ViewController.swift */,
				327D6AD12565B3AC001595DE /* Card Details VC.swift */,
				3266948D25646DE300E59F3D /* Main.storyboard */,
				3266949025646DE900E59F3D /* Assets.xcassets */,
				3266949225646DE900E59F3D /* LaunchScreen.storyboard */,
				3266949525646DE900E59F3D /* Info.plist */,
			);
			path = TarotCards;
			sourceTree = "<group>";
		};
/* End PBXGroup section */

/* Begin PBXNativeTarget section */
		3266948325646DE300E59F3D /* TarotCards */ = {
			isa = PBXNativeTarget;
			buildConfigurationList = 3266949825646DE900E59F3D /* Build configuration list for PBXNativeTarget "TarotCards" */;
			buildPhases = (
				3266948025646DE300E59F3D /* Sources */,
				3266948125646DE300E59F3D /* Frameworks */,
				3266948225646DE300E59F3D /* Resources */,
			);
			buildRules = (
			);
			dependencies = (
			);
			name = TarotCards;
			productName = TarotCards;
			productReference = 3266948425646DE300E59F3D /* TarotCards.app */;
			productType = "com.apple.product-type.application";
		};
/* End PBXNativeTarget section */

/* Begin PBXProject section */
		3266947C25646DE300E59F3D /* Project object */ = {
			isa = PBXProject;
			attributes = {
				LastSwiftUpdateCheck = 1160;
				LastUpgradeCheck = 1160;
				ORGANIZATIONNAME = "Ivan Olivas";
				TargetAttributes = {
					3266948325646DE300E59F3D = {
						CreatedOnToolsVersion = 11.6;
					};
				};
			};
			buildConfigurationList = 3266947F25646DE300E59F3D /* Build configuration list for PBXProject "TarotCards" */;
			compatibilityVersion = "Xcode 9.3";
			developmentRegion = en;
			hasScannedForEncodings = 0;
			knownRegions = (
				en,
				Base,
			);
			mainGroup = 3266947B25646DE300E59F3D;
			productRefGroup = 3266948525646DE300E59F3D /* Products */;
			projectDirPath = "";
			projectRoot = "";
			targets = (
				3266948325646DE300E59F3D /* TarotCards */,
			);
		};
/* End PBXProject section */

/* Begin PBXResourcesBuildPhase section */
		3266948225646DE300E59F3D /* Resources */ = {
			isa = PBXResourcesBuildPhase;
			buildActionMask = 2147483647;
			files = (
				3266949425646DE900E59F3D /* LaunchScreen.storyboard in Resources */,
				3266949125646DE900E59F3D /* Assets.xcassets in Resources */,
				3266948F25646DE300E59F3D /* Main.storyboard in Resources */,
			);
			runOnlyForDeploymentPostprocessing = 0;
		};
/* End PBXResourcesBuildPhase section */

/* Begin PBXSourcesBuildPhase section */
		3266948025646DE300E59F3D /* Sources */ = {
			isa = PBXSourcesBuildPhase;
			buildActionMask = 2147483647;
			files = (
				3266948C25646DE300E59F3D /* ViewController.swift in Sources */,
				327D6AD22565B3AC001595DE /* Card Details VC.swift in Sources */,
				3266948825646DE300E59F3D /* AppDelegate.swift in Sources */,
				3266948A25646DE300E59F3D /* SceneDelegate.swift in Sources */,
			);
			runOnlyForDeploymentPostprocessing = 0;
		};
/* End PBXSourcesBuildPhase section */

/* Begin PBXVariantGroup section */
		3266948D25646DE300E59F3D /* Main.storyboard */ = {
			isa = PBXVariantGroup;
			children = (
				3266948E25646DE300E59F3D /* Base */,
			);
			name = Main.storyboard;
			sourceTree = "<group>";
		};
		3266949225646DE900E59F3D /* LaunchScreen.storyboard */ = {
			isa = PBXVariantGroup;
			children = (
				3266949325646DE900E59F3D /* Base */,
			);
			name = LaunchScreen.storyboard;
			sourceTree = "<group>";
		};
/* End PBXVariantGroup section */

/* Begin XCBuildConfiguration section */
		3266949625646DE900E59F3D /* Debug */ = {
			isa = XCBuildConfiguration;
			buildSettings = {
				ALWAYS_SEARCH_USER_PATHS = NO;
				CLANG_ANALYZER_NONNULL = YES;
				CLANG_ANALYZER_NUMBER_OBJECT_CONVERSION = YES_AGGRESSIVE;
				CLANG_CXX_LANGUAGE_STANDARD = "gnu++14";
				CLANG_CXX_LIBRARY = "libc++";
				CLANG_ENABLE_MODULES = YES;
				CLANG_ENABLE_OBJC_ARC = YES;
				CLANG_ENABLE_OBJC_WEAK = YES;
				CLANG_WARN_BLOCK_CAPTURE_AUTORELEASING = YES;
				CLANG_WARN_BOOL_CONVERSION = YES;
				CLANG_WARN_COMMA = YES;
				CLANG_WARN_CONSTANT_CONVERSION = YES;
				CLANG_WARN_DEPRECATED_OBJC_IMPLEMENTATIONS = YES;
				CLANG_WARN_DIRECT_OBJC_ISA_USAGE = YES_ERROR;
				CLANG_WARN_DOCUMENTATION_COMMENTS = YES;
				CLANG_WARN_EMPTY_BODY = YES;
				CLANG_WARN_ENUM_CONVERSION = YES;
				CLANG_WARN_INFINITE_RECURSION = YES;
				CLANG_WARN_INT_CONVERSION = YES;
				CLANG_WARN_NON_LITERAL_NULL_CONVERSION = YES;
				CLANG_WARN_OBJC_IMPLICIT_RETAIN_SELF = YES;
				CLANG_WARN_OBJC_LITERAL_CONVERSION = YES;
				CLANG_WARN_OBJC_ROOT_CLASS = YES_ERROR;
				CLANG_WARN_RANGE_LOOP_ANALYSIS = YES;
				CLANG_WARN_STRICT_PROTOTYPES = YES;
				CLANG_WARN_SUSPICIOUS_MOVE = YES;
				CLANG_WARN_UNGUARDED_AVAILABILITY = YES_AGGRESSIVE;
				CLANG_WARN_UNREACHABLE_CODE = YES;
				CLANG_WARN__DUPLICATE_METHOD_MATCH = YES;
				COPY_PHASE_STRIP = NO;
				DEBUG_INFORMATION_FORMAT = dwarf;
				ENABLE_STRICT_OBJC_MSGSEND = YES;
				ENABLE_TESTABILITY = YES;
				GCC_C_LANGUAGE_STANDARD = gnu11;
				GCC_DYNAMIC_NO_PIC = NO;
				GCC_NO_COMMON_BLOCKS = YES;
				GCC_OPTIMIZATION_LEVEL = 0;
				GCC_PREPROCESSOR_DEFINITIONS = (
					"DEBUG=1",
					"$(inherited)",
				);
				GCC_WARN_64_TO_32_BIT_CONVERSION = YES;
				GCC_WARN_ABOUT_RETURN_TYPE = YES_ERROR;
				GCC_WARN_UNDECLARED_SELECTOR = YES;
				GCC_WARN_UNINITIALIZED_AUTOS = YES_AGGRESSIVE;
				GCC_WARN_UNUSED_FUNCTION = YES;
				GCC_WARN_UNUSED_VARIABLE = YES;
				IPHONEOS_DEPLOYMENT_TARGET = 13.6;
				MTL_ENABLE_DEBUG_INFO = INCLUDE_SOURCE;
				MTL_FAST_MATH = YES;
				ONLY_ACTIVE_ARCH = YES;
				SDKROOT = iphoneos;
				SWIFT_ACTIVE_COMPILATION_CONDITIONS = DEBUG;
				SWIFT_OPTIMIZATION_LEVEL = "-Onone";
			};
			name = Debug;
		};
		3266949725646DE900E59F3D /* Release */ = {
			isa = XCBuildConfiguration;
			buildSettings = {
				ALWAYS_SEARCH_USER_PATHS = NO;
				CLANG_ANALYZER_NONNULL = YES;
				CLANG_ANALYZER_NUMBER_OBJECT_CONVERSION = YES_AGGRESSIVE;
				CLANG_CXX_LANGUAGE_STANDARD = "gnu++14";
				CLANG_CXX_LIBRARY = "libc++";
				CLANG_ENABLE_MODULES = YES;
				CLANG_ENABLE_OBJC_ARC = YES;
				CLANG_ENABLE_OBJC_WEAK = YES;
				CLANG_WARN_BLOCK_CAPTURE_AUTORELEASING = YES;
				CLANG_WARN_BOOL_CONVERSION = YES;
				CLANG_WARN_COMMA = YES;
				CLANG_WARN_CONSTANT_CONVERSION = YES;
				CLANG_WARN_DEPRECATED_OBJC_IMPLEMENTATIONS = YES;
				CLANG_WARN_DIRECT_OBJC_ISA_USAGE = YES_ERROR;
				CLANG_WARN_DOCUMENTATION_COMMENTS = YES;
				CLANG_WARN_EMPTY_BODY = YES;
				CLANG_WARN_ENUM_CONVERSION = YES;
				CLANG_WARN_INFINITE_RECURSION = YES;
				CLANG_WARN_INT_CONVERSION = YES;
				CLANG_WARN_NON_LITERAL_NULL_CONVERSION = YES;
				CLANG_WARN_OBJC_IMPLICIT_RETAIN_SELF = YES;
				CLANG_WARN_OBJC_LITERAL_CONVERSION = YES;
				CLANG_WARN_OBJC_ROOT_CLASS = YES_ERROR;
				CLANG_WARN_RANGE_LOOP_ANALYSIS = YES;
				CLANG_WARN_STRICT_PROTOTYPES = YES;
				CLANG_WARN_SUSPICIOUS_MOVE = YES;
				CLANG_WARN_UNGUARDED_AVAILABILITY = YES_AGGRESSIVE;
				CLANG_WARN_UNREACHABLE_CODE = YES;
				CLANG_WARN__DUPLICATE_METHOD_MATCH = YES;
				COPY_PHASE_STRIP = NO;
				DEBUG_INFORMATION_FORMAT = "dwarf-with-dsym";
				ENABLE_NS_ASSERTIONS = NO;
				ENABLE_STRICT_OBJC_MSGSEND = YES;
				GCC_C_LANGUAGE_STANDARD = gnu11;
				GCC_NO_COMMON_BLOCKS = YES;
				GCC_WARN_64_TO_32_BIT_CONVERSION = YES;
				GCC_WARN_ABOUT_RETURN_TYPE = YES_ERROR;
				GCC_WARN_UNDECLARED_SELECTOR = YES;
				GCC_WARN_UNINITIALIZED_AUTOS = YES_AGGRESSIVE;
				GCC_WARN_UNUSED_FUNCTION = YES;
				GCC_WARN_UNUSED_VARIABLE = YES;
				IPHONEOS_DEPLOYMENT_TARGET = 13.6;
				MTL_ENABLE_DEBUG_INFO = NO;
				MTL_FAST_MATH = YES;
				SDKROOT = iphoneos;
				SWIFT_COMPILATION_MODE = wholemodule;
				SWIFT_OPTIMIZATION_LEVEL = "-O";
				VALIDATE_PRODUCT = YES;
			};
			name = Release;
		};
		3266949925646DE900E59F3D /* Debug */ = {
			isa = XCBuildConfiguration;
			buildSettings = {
				ASSETCATALOG_COMPILER_APPICON_NAME = AppIcon;
				CODE_SIGN_STYLE = Automatic;
				INFOPLIST_FILE = TarotCards/Info.plist;
				LD_RUNPATH_SEARCH_PATHS = (
					"$(inherited)",
					"@executable_path/Frameworks",
				);
				PRODUCT_BUNDLE_IDENTIFIER = IO.TarotCards;
				PRODUCT_NAME = "$(TARGET_NAME)";
				SWIFT_VERSION = 5.0;
				TARGETED_DEVICE_FAMILY = "1,2";
			};
			name = Debug;
		};
		3266949A25646DE900E59F3D /* Release */ = {
			isa = XCBuildConfiguration;
			buildSettings = {
				ASSETCATALOG_COMPILER_APPICON_NAME = AppIcon;
				CODE_SIGN_STYLE = Automatic;
				INFOPLIST_FILE = TarotCards/Info.plist;
				LD_RUNPATH_SEARCH_PATHS = (
					"$(inherited)",
					"@executable_path/Frameworks",
				);
				PRODUCT_BUNDLE_IDENTIFIER = IO.TarotCards;
				PRODUCT_NAME = "$(TARGET_NAME)";
				SWIFT_VERSION = 5.0;
				TARGETED_DEVICE_FAMILY = "1,2";
			};
			name = Release;
		};
/* End XCBuildConfiguration section */

/* Begin XCConfigurationList section */
		3266947F25646DE300E59F3D /* Build configuration list for PBXProject "TarotCards" */ = {
			isa = XCConfigurationList;
			buildConfigurations = (
				3266949625646DE900E59F3D /* Debug */,
				3266949725646DE900E59F3D /* Release */,
			);
			defaultConfigurationIsVisible = 0;
			defaultConfigurationName = Release;
		};
		3266949825646DE900E59F3D /* Build configuration list for PBXNativeTarget "TarotCards" */ = {
			isa = XCConfigurationList;
			buildConfigurations = (
				3266949925646DE900E59F3D /* Debug */,
				3266949A25646DE900E59F3D /* Release */,
			);
			defaultConfigurationIsVisible = 0;
			defaultConfigurationName = Release;
		};
/* End XCConfigurationList section */
	};
	rootObject = 3266947C25646DE300E59F3D /* Project object */;
}
